// !$*UTF8*$!
{
	archiveVersion = 1;
	classes = {
	};
	objectVersion = 55;
	objects = {

/* Begin PBXBuildFile section */
		1A17D733299C047C00EBA55E /* VVMetalKit.framework in Frameworks */ = {isa = PBXBuildFile; fileRef = 1A17D72D299C046100EBA55E /* VVMetalKit.framework */; };
		1A17D734299C048200EBA55E /* VVMetalKit.framework in Embed Frameworks */ = {isa = PBXBuildFile; fileRef = 1A17D72D299C046100EBA55E /* VVMetalKit.framework */; settings = {ATTRIBUTES = (CodeSignOnCopy, RemoveHeadersOnCopy, ); }; };
		1A1F5B97299958FE009170DA /* AppDelegate.mm in Sources */ = {isa = PBXBuildFile; fileRef = 1A1F5B96299958FE009170DA /* AppDelegate.mm */; };
		1A1F5B99299958FF009170DA /* Assets.xcassets in Resources */ = {isa = PBXBuildFile; fileRef = 1A1F5B98299958FF009170DA /* Assets.xcassets */; };
		1A1F5B9C299958FF009170DA /* MainMenu.xib in Resources */ = {isa = PBXBuildFile; fileRef = 1A1F5B9A299958FF009170DA /* MainMenu.xib */; };
		1A1F5B9E299958FF009170DA /* main.m in Sources */ = {isa = PBXBuildFile; fileRef = 1A1F5B9D299958FF009170DA /* main.m */; };
		1A1F682729B8DFA000A45F09 /* ISFMTLScenePassTarget_priv.mm in Sources */ = {isa = PBXBuildFile; fileRef = 1A1F682629B8DFA000A45F09 /* ISFMTLScenePassTarget_priv.mm */; };
		1A1F683329B8FD3600A45F09 /* ISFMTLSceneImgRef_priv.mm in Sources */ = {isa = PBXBuildFile; fileRef = 1A1F683229B8FD3600A45F09 /* ISFMTLSceneImgRef_priv.mm */; };
		1A1F683629B904A300A45F09 /* ISFMTLSceneVal_priv.mm in Sources */ = {isa = PBXBuildFile; fileRef = 1A1F683529B904A300A45F09 /* ISFMTLSceneVal_priv.mm */; };
		1AA4B48929C0EE3400440F82 /* ISFMTLSceneAttrib_priv.mm in Sources */ = {isa = PBXBuildFile; fileRef = 1AA4B48829C0EE3400440F82 /* ISFMTLSceneAttrib_priv.mm */; };
		1AEE5883299A6C1000E9BF30 /* libGLSLangValidatorLib.dylib in Frameworks */ = {isa = PBXBuildFile; fileRef = 1AEE5882299A6C1000E9BF30 /* libGLSLangValidatorLib.dylib */; };
		1AEE5885299A6C2500E9BF30 /* libGLSLangValidatorLib.dylib in Embed Frameworks */ = {isa = PBXBuildFile; fileRef = 1AEE5882299A6C1000E9BF30 /* libGLSLangValidatorLib.dylib */; settings = {ATTRIBUTES = (CodeSignOnCopy, ); }; };
		1AEE5887299A6D3C00E9BF30 /* libSPIRVCrossLib.dylib in Frameworks */ = {isa = PBXBuildFile; fileRef = 1AEE5886299A6D3C00E9BF30 /* libSPIRVCrossLib.dylib */; };
		1AEE5888299A6D4500E9BF30 /* libSPIRVCrossLib.dylib in Embed Frameworks */ = {isa = PBXBuildFile; fileRef = 1AEE5886299A6D3C00E9BF30 /* libSPIRVCrossLib.dylib */; settings = {ATTRIBUTES = (CodeSignOnCopy, ); }; };
		1AEE588A299A701900E9BF30 /* libISFGLSLGenerator.dylib in Frameworks */ = {isa = PBXBuildFile; fileRef = 1AEE5889299A701900E9BF30 /* libISFGLSLGenerator.dylib */; };
		1AEE588B299A702000E9BF30 /* libISFGLSLGenerator.dylib in Embed Frameworks */ = {isa = PBXBuildFile; fileRef = 1AEE5889299A701900E9BF30 /* libISFGLSLGenerator.dylib */; settings = {ATTRIBUTES = (CodeSignOnCopy, ); }; };
		1AFBD95F29A4049500118E37 /* ISFMTLScene.mm in Sources */ = {isa = PBXBuildFile; fileRef = 1AFBD95E29A4049500118E37 /* ISFMTLScene.mm */; };
		1AFBD96329A5050B00118E37 /* TestMTLScene.m in Sources */ = {isa = PBXBuildFile; fileRef = 1AFBD96229A5050B00118E37 /* TestMTLScene.m */; };
		1AFBD96529A5088300118E37 /* TestScene.metal in Sources */ = {isa = PBXBuildFile; fileRef = 1AFBD96429A5088300118E37 /* TestScene.metal */; };
/* End PBXBuildFile section */

/* Begin PBXContainerItemProxy section */
		1A17D72C299C046100EBA55E /* PBXContainerItemProxy */ = {
			isa = PBXContainerItemProxy;
			containerPortal = 1A17D727299C046100EBA55E /* VVMetalKit.xcodeproj */;
			proxyType = 2;
			remoteGlobalIDString = 1A0FBE8D260E1C2E00FF39BB;
			remoteInfo = VVMetalKit;
		};
		1A17D72E299C046100EBA55E /* PBXContainerItemProxy */ = {
			isa = PBXContainerItemProxy;
			containerPortal = 1A17D727299C046100EBA55E /* VVMetalKit.xcodeproj */;
			proxyType = 2;
			remoteGlobalIDString = 1AC82CF827FF2901009A9989;
			remoteInfo = VVMetalKitTouch;
		};
		1A17D730299C047600EBA55E /* PBXContainerItemProxy */ = {
			isa = PBXContainerItemProxy;
			containerPortal = 1A17D727299C046100EBA55E /* VVMetalKit.xcodeproj */;
			proxyType = 1;
			remoteGlobalIDString = 1A0FBE8C260E1C2E00FF39BB;
			remoteInfo = VVMetalKit;
		};
/* End PBXContainerItemProxy section */

/* Begin PBXCopyFilesBuildPhase section */
		1AEE5884299A6C1700E9BF30 /* Embed Frameworks */ = {
			isa = PBXCopyFilesBuildPhase;
			buildActionMask = 2147483647;
			dstPath = "";
			dstSubfolderSpec = 10;
			files = (
				1A17D734299C048200EBA55E /* VVMetalKit.framework in Embed Frameworks */,
				1AEE5885299A6C2500E9BF30 /* libGLSLangValidatorLib.dylib in Embed Frameworks */,
				1AEE5888299A6D4500E9BF30 /* libSPIRVCrossLib.dylib in Embed Frameworks */,
				1AEE588B299A702000E9BF30 /* libISFGLSLGenerator.dylib in Embed Frameworks */,
			);
			name = "Embed Frameworks";
			runOnlyForDeploymentPostprocessing = 0;
		};
/* End PBXCopyFilesBuildPhase section */

/* Begin PBXFileReference section */
		1A17D727299C046100EBA55E /* VVMetalKit.xcodeproj */ = {isa = PBXFileReference; lastKnownFileType = "wrapper.pb-project"; name = VVMetalKit.xcodeproj; path = extern/VVMetalKit/VVMetalKit.xcodeproj; sourceTree = SOURCE_ROOT; };
		1A1F5B92299958FE009170DA /* testISFtoMSL.app */ = {isa = PBXFileReference; explicitFileType = wrapper.application; includeInIndex = 0; path = testISFtoMSL.app; sourceTree = BUILT_PRODUCTS_DIR; };
		1A1F5B95299958FE009170DA /* AppDelegate.h */ = {isa = PBXFileReference; lastKnownFileType = sourcecode.c.h; path = AppDelegate.h; sourceTree = "<group>"; };
		1A1F5B96299958FE009170DA /* AppDelegate.mm */ = {isa = PBXFileReference; lastKnownFileType = sourcecode.cpp.objcpp; path = AppDelegate.mm; sourceTree = "<group>"; };
		1A1F5B98299958FF009170DA /* Assets.xcassets */ = {isa = PBXFileReference; lastKnownFileType = folder.assetcatalog; path = Assets.xcassets; sourceTree = "<group>"; };
		1A1F5B9B299958FF009170DA /* Base */ = {isa = PBXFileReference; lastKnownFileType = file.xib; name = Base; path = Base.lproj/MainMenu.xib; sourceTree = "<group>"; };
		1A1F5B9D299958FF009170DA /* main.m */ = {isa = PBXFileReference; lastKnownFileType = sourcecode.c.objc; path = main.m; sourceTree = "<group>"; };
		1A1F5B9F299958FF009170DA /* testISFtoMSL.entitlements */ = {isa = PBXFileReference; lastKnownFileType = text.plist.entitlements; path = testISFtoMSL.entitlements; sourceTree = "<group>"; };
		1A1F680E29B7AAB100A45F09 /* ISFMTLScenePassTarget.h */ = {isa = PBXFileReference; lastKnownFileType = sourcecode.c.h; path = ISFMTLScenePassTarget.h; sourceTree = "<group>"; };
		1A1F681229B7E41000A45F09 /* ISFMTLSceneAttrib.h */ = {isa = PBXFileReference; lastKnownFileType = sourcecode.c.h; path = ISFMTLSceneAttrib.h; sourceTree = "<group>"; };
		1A1F681529B7E41900A45F09 /* ISFMTLSceneVal.h */ = {isa = PBXFileReference; lastKnownFileType = sourcecode.c.h; path = ISFMTLSceneVal.h; sourceTree = "<group>"; };
		1A1F682529B8DEC200A45F09 /* ISFMTLScenePassTarget_priv.h */ = {isa = PBXFileReference; lastKnownFileType = sourcecode.c.h; path = ISFMTLScenePassTarget_priv.h; sourceTree = "<group>"; };
		1A1F682629B8DFA000A45F09 /* ISFMTLScenePassTarget_priv.mm */ = {isa = PBXFileReference; lastKnownFileType = sourcecode.cpp.objcpp; path = ISFMTLScenePassTarget_priv.mm; sourceTree = "<group>"; };
		1A1F682E29B8E7DB00A45F09 /* ISFMTLSceneImgRef.h */ = {isa = PBXFileReference; lastKnownFileType = sourcecode.c.h; path = ISFMTLSceneImgRef.h; sourceTree = "<group>"; };
		1A1F683129B8FD3600A45F09 /* ISFMTLSceneImgRef_priv.h */ = {isa = PBXFileReference; lastKnownFileType = sourcecode.c.h; path = ISFMTLSceneImgRef_priv.h; sourceTree = "<group>"; };
		1A1F683229B8FD3600A45F09 /* ISFMTLSceneImgRef_priv.mm */ = {isa = PBXFileReference; lastKnownFileType = sourcecode.cpp.objcpp; path = ISFMTLSceneImgRef_priv.mm; sourceTree = "<group>"; };
		1A1F683429B904A300A45F09 /* ISFMTLSceneVal_priv.h */ = {isa = PBXFileReference; lastKnownFileType = sourcecode.c.h; path = ISFMTLSceneVal_priv.h; sourceTree = "<group>"; };
		1A1F683529B904A300A45F09 /* ISFMTLSceneVal_priv.mm */ = {isa = PBXFileReference; lastKnownFileType = sourcecode.cpp.objcpp; path = ISFMTLSceneVal_priv.mm; sourceTree = "<group>"; };
		1A5F5B6529CB5CED00AA1D49 /* ISFImage.h */ = {isa = PBXFileReference; lastKnownFileType = sourcecode.c.h; path = ISFImage.h; sourceTree = "<group>"; };
		1AA4B48729C0EE3400440F82 /* ISFMTLSceneAttrib_priv.h */ = {isa = PBXFileReference; lastKnownFileType = sourcecode.c.h; path = ISFMTLSceneAttrib_priv.h; sourceTree = "<group>"; };
		1AA4B48829C0EE3400440F82 /* ISFMTLSceneAttrib_priv.mm */ = {isa = PBXFileReference; lastKnownFileType = sourcecode.cpp.objcpp; path = ISFMTLSceneAttrib_priv.mm; sourceTree = "<group>"; };
		1AEE5882299A6C1000E9BF30 /* libGLSLangValidatorLib.dylib */ = {isa = PBXFileReference; lastKnownFileType = "compiled.mach-o.dylib"; name = libGLSLangValidatorLib.dylib; path = extern/GLSLangValidatorLib/bin/libGLSLangValidatorLib.dylib; sourceTree = SOURCE_ROOT; };
		1AEE5886299A6D3C00E9BF30 /* libSPIRVCrossLib.dylib */ = {isa = PBXFileReference; lastKnownFileType = "compiled.mach-o.dylib"; name = libSPIRVCrossLib.dylib; path = extern/SPIRVCrossLib/bin/libSPIRVCrossLib.dylib; sourceTree = SOURCE_ROOT; };
		1AEE5889299A701900E9BF30 /* libISFGLSLGenerator.dylib */ = {isa = PBXFileReference; lastKnownFileType = "compiled.mach-o.dylib"; name = libISFGLSLGenerator.dylib; path = extern/ISFGLSLGeneratorLib/bin/libISFGLSLGenerator.dylib; sourceTree = SOURCE_ROOT; };
		1AFBD95D29A4049500118E37 /* ISFMTLScene.h */ = {isa = PBXFileReference; lastKnownFileType = sourcecode.c.h; path = ISFMTLScene.h; sourceTree = "<group>"; };
		1AFBD95E29A4049500118E37 /* ISFMTLScene.mm */ = {isa = PBXFileReference; lastKnownFileType = sourcecode.cpp.objcpp; path = ISFMTLScene.mm; sourceTree = "<group>"; };
		1AFBD96129A5050B00118E37 /* TestMTLScene.h */ = {isa = PBXFileReference; lastKnownFileType = sourcecode.c.h; path = TestMTLScene.h; sourceTree = "<group>"; };
		1AFBD96229A5050B00118E37 /* TestMTLScene.m */ = {isa = PBXFileReference; lastKnownFileType = sourcecode.c.objc; path = TestMTLScene.m; sourceTree = "<group>"; };
		1AFBD96429A5088300118E37 /* TestScene.metal */ = {isa = PBXFileReference; lastKnownFileType = sourcecode.metal; path = TestScene.metal; sourceTree = "<group>"; };
/* End PBXFileReference section */

/* Begin PBXFrameworksBuildPhase section */
		1A1F5B8F299958FE009170DA /* Frameworks */ = {
			isa = PBXFrameworksBuildPhase;
			buildActionMask = 2147483647;
			files = (
				1A17D733299C047C00EBA55E /* VVMetalKit.framework in Frameworks */,
				1AEE5887299A6D3C00E9BF30 /* libSPIRVCrossLib.dylib in Frameworks */,
				1AEE588A299A701900E9BF30 /* libISFGLSLGenerator.dylib in Frameworks */,
				1AEE5883299A6C1000E9BF30 /* libGLSLangValidatorLib.dylib in Frameworks */,
			);
			runOnlyForDeploymentPostprocessing = 0;
		};
/* End PBXFrameworksBuildPhase section */

/* Begin PBXGroup section */
		1A17D728299C046100EBA55E /* Products */ = {
			isa = PBXGroup;
			children = (
				1A17D72D299C046100EBA55E /* VVMetalKit.framework */,
				1A17D72F299C046100EBA55E /* VVMetalKitTouch.framework */,
			);
			name = Products;
			sourceTree = "<group>";
		};
		1A17D732299C047C00EBA55E /* Frameworks */ = {
			isa = PBXGroup;
			children = (
			);
			name = Frameworks;
			sourceTree = "<group>";
		};
		1A1F5B89299958FE009170DA = {
			isa = PBXGroup;
			children = (
				1A1F5B94299958FE009170DA /* testISFtoMSL */,
				1A17D727299C046100EBA55E /* VVMetalKit.xcodeproj */,
				1A1F5B93299958FE009170DA /* Products */,
				1A17D732299C047C00EBA55E /* Frameworks */,
			);
			sourceTree = "<group>";
		};
		1A1F5B93299958FE009170DA /* Products */ = {
			isa = PBXGroup;
			children = (
				1A1F5B92299958FE009170DA /* testISFtoMSL.app */,
			);
			name = Products;
			sourceTree = "<group>";
		};
		1A1F5B94299958FE009170DA /* testISFtoMSL */ = {
			isa = PBXGroup;
			children = (
				1A1F5B95299958FE009170DA /* AppDelegate.h */,
				1A1F5B96299958FE009170DA /* AppDelegate.mm */,
				1AFBD95D29A4049500118E37 /* ISFMTLScene.h */,
				1AFBD95E29A4049500118E37 /* ISFMTLScene.mm */,
				1A1F680E29B7AAB100A45F09 /* ISFMTLScenePassTarget.h */,
				1A1F682529B8DEC200A45F09 /* ISFMTLScenePassTarget_priv.h */,
				1A1F682629B8DFA000A45F09 /* ISFMTLScenePassTarget_priv.mm */,
				1A1F681229B7E41000A45F09 /* ISFMTLSceneAttrib.h */,
				1AA4B48729C0EE3400440F82 /* ISFMTLSceneAttrib_priv.h */,
				1AA4B48829C0EE3400440F82 /* ISFMTLSceneAttrib_priv.mm */,
				1A1F681529B7E41900A45F09 /* ISFMTLSceneVal.h */,
				1A1F683429B904A300A45F09 /* ISFMTLSceneVal_priv.h */,
				1A1F683529B904A300A45F09 /* ISFMTLSceneVal_priv.mm */,
				1A5F5B6529CB5CED00AA1D49 /* ISFImage.h */,
				1A1F682E29B8E7DB00A45F09 /* ISFMTLSceneImgRef.h */,
				1A1F683129B8FD3600A45F09 /* ISFMTLSceneImgRef_priv.h */,
				1A1F683229B8FD3600A45F09 /* ISFMTLSceneImgRef_priv.mm */,
				1AFBD96129A5050B00118E37 /* TestMTLScene.h */,
				1AFBD96229A5050B00118E37 /* TestMTLScene.m */,
				1AFBD96429A5088300118E37 /* TestScene.metal */,
				1AEE5882299A6C1000E9BF30 /* libGLSLangValidatorLib.dylib */,
				1AEE5886299A6D3C00E9BF30 /* libSPIRVCrossLib.dylib */,
				1AEE5889299A701900E9BF30 /* libISFGLSLGenerator.dylib */,
				1A1F5B98299958FF009170DA /* Assets.xcassets */,
				1A1F5B9A299958FF009170DA /* MainMenu.xib */,
				1A1F5B9D299958FF009170DA /* main.m */,
				1A1F5B9F299958FF009170DA /* testISFtoMSL.entitlements */,
			);
			path = testISFtoMSL;
			sourceTree = "<group>";
		};
/* End PBXGroup section */

/* Begin PBXNativeTarget section */
		1A1F5B91299958FE009170DA /* testISFtoMSL */ = {
			isa = PBXNativeTarget;
			buildConfigurationList = 1A1F5BA2299958FF009170DA /* Build configuration list for PBXNativeTarget "testISFtoMSL" */;
			buildPhases = (
				1A1F5B8E299958FE009170DA /* Sources */,
				1A1F5B8F299958FE009170DA /* Frameworks */,
				1A1F5B90299958FE009170DA /* Resources */,
				1AEE5884299A6C1700E9BF30 /* Embed Frameworks */,
			);
			buildRules = (
			);
			dependencies = (
				1A17D731299C047600EBA55E /* PBXTargetDependency */,
			);
			name = testISFtoMSL;
			productName = testISFtoMSL;
			productReference = 1A1F5B92299958FE009170DA /* testISFtoMSL.app */;
			productType = "com.apple.product-type.application";
		};
/* End PBXNativeTarget section */

/* Begin PBXProject section */
		1A1F5B8A299958FE009170DA /* Project object */ = {
			isa = PBXProject;
			attributes = {
				BuildIndependentTargetsInParallel = 1;
				LastUpgradeCheck = 1340;
				TargetAttributes = {
					1A1F5B91299958FE009170DA = {
						CreatedOnToolsVersion = 13.4.1;
					};
				};
			};
			buildConfigurationList = 1A1F5B8D299958FE009170DA /* Build configuration list for PBXProject "testISFtoMSL" */;
			compatibilityVersion = "Xcode 13.0";
			developmentRegion = en;
			hasScannedForEncodings = 0;
			knownRegions = (
				en,
				Base,
			);
			mainGroup = 1A1F5B89299958FE009170DA;
			productRefGroup = 1A1F5B93299958FE009170DA /* Products */;
			projectDirPath = "";
			projectReferences = (
				{
					ProductGroup = 1A17D728299C046100EBA55E /* Products */;
					ProjectRef = 1A17D727299C046100EBA55E /* VVMetalKit.xcodeproj */;
				},
			);
			projectRoot = "";
			targets = (
				1A1F5B91299958FE009170DA /* testISFtoMSL */,
			);
		};
/* End PBXProject section */

/* Begin PBXReferenceProxy section */
		1A17D72D299C046100EBA55E /* VVMetalKit.framework */ = {
			isa = PBXReferenceProxy;
			fileType = wrapper.framework;
			path = VVMetalKit.framework;
			remoteRef = 1A17D72C299C046100EBA55E /* PBXContainerItemProxy */;
			sourceTree = BUILT_PRODUCTS_DIR;
		};
		1A17D72F299C046100EBA55E /* VVMetalKitTouch.framework */ = {
			isa = PBXReferenceProxy;
			fileType = wrapper.framework;
			path = VVMetalKitTouch.framework;
			remoteRef = 1A17D72E299C046100EBA55E /* PBXContainerItemProxy */;
			sourceTree = BUILT_PRODUCTS_DIR;
		};
/* End PBXReferenceProxy section */

/* Begin PBXResourcesBuildPhase section */
		1A1F5B90299958FE009170DA /* Resources */ = {
			isa = PBXResourcesBuildPhase;
			buildActionMask = 2147483647;
			files = (
				1A1F5B99299958FF009170DA /* Assets.xcassets in Resources */,
				1A1F5B9C299958FF009170DA /* MainMenu.xib in Resources */,
			);
			runOnlyForDeploymentPostprocessing = 0;
		};
/* End PBXResourcesBuildPhase section */

/* Begin PBXSourcesBuildPhase section */
		1A1F5B8E299958FE009170DA /* Sources */ = {
			isa = PBXSourcesBuildPhase;
			buildActionMask = 2147483647;
			files = (
				1A1F683629B904A300A45F09 /* ISFMTLSceneVal_priv.mm in Sources */,
				1AFBD96329A5050B00118E37 /* TestMTLScene.m in Sources */,
				1AFBD96529A5088300118E37 /* TestScene.metal in Sources */,
				1AFBD95F29A4049500118E37 /* ISFMTLScene.mm in Sources */,
				1A1F682729B8DFA000A45F09 /* ISFMTLScenePassTarget_priv.mm in Sources */,
				1A1F5B9E299958FF009170DA /* main.m in Sources */,
				1A1F683329B8FD3600A45F09 /* ISFMTLSceneImgRef_priv.mm in Sources */,
				1AA4B48929C0EE3400440F82 /* ISFMTLSceneAttrib_priv.mm in Sources */,
				1A1F5B97299958FE009170DA /* AppDelegate.mm in Sources */,
			);
			runOnlyForDeploymentPostprocessing = 0;
		};
/* End PBXSourcesBuildPhase section */

/* Begin PBXTargetDependency section */
		1A17D731299C047600EBA55E /* PBXTargetDependency */ = {
			isa = PBXTargetDependency;
			name = VVMetalKit;
			targetProxy = 1A17D730299C047600EBA55E /* PBXContainerItemProxy */;
		};
/* End PBXTargetDependency section */

/* Begin PBXVariantGroup section */
		1A1F5B9A299958FF009170DA /* MainMenu.xib */ = {
			isa = PBXVariantGroup;
			children = (
				1A1F5B9B299958FF009170DA /* Base */,
			);
			name = MainMenu.xib;
			sourceTree = "<group>";
		};
/* End PBXVariantGroup section */

/* Begin XCBuildConfiguration section */
		1A1F5BA0299958FF009170DA /* Debug */ = {
			isa = XCBuildConfiguration;
			buildSettings = {
				ALWAYS_SEARCH_USER_PATHS = NO;
				CLANG_ANALYZER_NONNULL = YES;
				CLANG_ANALYZER_NUMBER_OBJECT_CONVERSION = YES_AGGRESSIVE;
				CLANG_CXX_LANGUAGE_STANDARD = "gnu++17";
				CLANG_ENABLE_MODULES = YES;
				CLANG_ENABLE_OBJC_ARC = YES;
				CLANG_ENABLE_OBJC_WEAK = YES;
				CLANG_WARN_BLOCK_CAPTURE_AUTORELEASING = YES;
				CLANG_WARN_BOOL_CONVERSION = YES;
				CLANG_WARN_COMMA = YES;
				CLANG_WARN_CONSTANT_CONVERSION = YES;
				CLANG_WARN_DEPRECATED_OBJC_IMPLEMENTATIONS = YES;
				CLANG_WARN_DIRECT_OBJC_ISA_USAGE = YES_ERROR;
				CLANG_WARN_DOCUMENTATION_COMMENTS = YES;
				CLANG_WARN_EMPTY_BODY = YES;
				CLANG_WARN_ENUM_CONVERSION = YES;
				CLANG_WARN_INFINITE_RECURSION = YES;
				CLANG_WARN_INT_CONVERSION = YES;
				CLANG_WARN_NON_LITERAL_NULL_CONVERSION = YES;
				CLANG_WARN_OBJC_IMPLICIT_RETAIN_SELF = YES;
				CLANG_WARN_OBJC_LITERAL_CONVERSION = YES;
				CLANG_WARN_OBJC_ROOT_CLASS = YES_ERROR;
				CLANG_WARN_QUOTED_INCLUDE_IN_FRAMEWORK_HEADER = YES;
				CLANG_WARN_RANGE_LOOP_ANALYSIS = YES;
				CLANG_WARN_STRICT_PROTOTYPES = YES;
				CLANG_WARN_SUSPICIOUS_MOVE = YES;
				CLANG_WARN_UNGUARDED_AVAILABILITY = YES_AGGRESSIVE;
				CLANG_WARN_UNREACHABLE_CODE = YES;
				CLANG_WARN__DUPLICATE_METHOD_MATCH = YES;
				COPY_PHASE_STRIP = NO;
				DEBUG_INFORMATION_FORMAT = dwarf;
				ENABLE_STRICT_OBJC_MSGSEND = YES;
				ENABLE_TESTABILITY = YES;
				GCC_C_LANGUAGE_STANDARD = gnu11;
				GCC_DYNAMIC_NO_PIC = NO;
				GCC_NO_COMMON_BLOCKS = YES;
				GCC_OPTIMIZATION_LEVEL = 0;
				GCC_PREPROCESSOR_DEFINITIONS = (
					"DEBUG=1",
					"$(inherited)",
				);
				GCC_WARN_64_TO_32_BIT_CONVERSION = YES;
				GCC_WARN_ABOUT_RETURN_TYPE = YES_ERROR;
				GCC_WARN_UNDECLARED_SELECTOR = YES;
				GCC_WARN_UNINITIALIZED_AUTOS = YES_AGGRESSIVE;
				GCC_WARN_UNUSED_FUNCTION = YES;
				GCC_WARN_UNUSED_VARIABLE = YES;
				MACOSX_DEPLOYMENT_TARGET = 12.3;
				MTL_ENABLE_DEBUG_INFO = INCLUDE_SOURCE;
				MTL_FAST_MATH = YES;
				ONLY_ACTIVE_ARCH = YES;
				SDKROOT = macosx;
			};
			name = Debug;
		};
		1A1F5BA1299958FF009170DA /* Release */ = {
			isa = XCBuildConfiguration;
			buildSettings = {
				ALWAYS_SEARCH_USER_PATHS = NO;
				CLANG_ANALYZER_NONNULL = YES;
				CLANG_ANALYZER_NUMBER_OBJECT_CONVERSION = YES_AGGRESSIVE;
				CLANG_CXX_LANGUAGE_STANDARD = "gnu++17";
				CLANG_ENABLE_MODULES = YES;
				CLANG_ENABLE_OBJC_ARC = YES;
				CLANG_ENABLE_OBJC_WEAK = YES;
				CLANG_WARN_BLOCK_CAPTURE_AUTORELEASING = YES;
				CLANG_WARN_BOOL_CONVERSION = YES;
				CLANG_WARN_COMMA = YES;
				CLANG_WARN_CONSTANT_CONVERSION = YES;
				CLANG_WARN_DEPRECATED_OBJC_IMPLEMENTATIONS = YES;
				CLANG_WARN_DIRECT_OBJC_ISA_USAGE = YES_ERROR;
				CLANG_WARN_DOCUMENTATION_COMMENTS = YES;
				CLANG_WARN_EMPTY_BODY = YES;
				CLANG_WARN_ENUM_CONVERSION = YES;
				CLANG_WARN_INFINITE_RECURSION = YES;
				CLANG_WARN_INT_CONVERSION = YES;
				CLANG_WARN_NON_LITERAL_NULL_CONVERSION = YES;
				CLANG_WARN_OBJC_IMPLICIT_RETAIN_SELF = YES;
				CLANG_WARN_OBJC_LITERAL_CONVERSION = YES;
				CLANG_WARN_OBJC_ROOT_CLASS = YES_ERROR;
				CLANG_WARN_QUOTED_INCLUDE_IN_FRAMEWORK_HEADER = YES;
				CLANG_WARN_RANGE_LOOP_ANALYSIS = YES;
				CLANG_WARN_STRICT_PROTOTYPES = YES;
				CLANG_WARN_SUSPICIOUS_MOVE = YES;
				CLANG_WARN_UNGUARDED_AVAILABILITY = YES_AGGRESSIVE;
				CLANG_WARN_UNREACHABLE_CODE = YES;
				CLANG_WARN__DUPLICATE_METHOD_MATCH = YES;
				COPY_PHASE_STRIP = NO;
				DEBUG_INFORMATION_FORMAT = "dwarf-with-dsym";
				ENABLE_NS_ASSERTIONS = NO;
				ENABLE_STRICT_OBJC_MSGSEND = YES;
				GCC_C_LANGUAGE_STANDARD = gnu11;
				GCC_NO_COMMON_BLOCKS = YES;
				GCC_WARN_64_TO_32_BIT_CONVERSION = YES;
				GCC_WARN_ABOUT_RETURN_TYPE = YES_ERROR;
				GCC_WARN_UNDECLARED_SELECTOR = YES;
				GCC_WARN_UNINITIALIZED_AUTOS = YES_AGGRESSIVE;
				GCC_WARN_UNUSED_FUNCTION = YES;
				GCC_WARN_UNUSED_VARIABLE = YES;
				MACOSX_DEPLOYMENT_TARGET = 12.3;
				MTL_ENABLE_DEBUG_INFO = NO;
				MTL_FAST_MATH = YES;
				SDKROOT = macosx;
			};
			name = Release;
		};
		1A1F5BA3299958FF009170DA /* Debug */ = {
			isa = XCBuildConfiguration;
			buildSettings = {
				ASSETCATALOG_COMPILER_APPICON_NAME = AppIcon;
				ASSETCATALOG_COMPILER_GLOBAL_ACCENT_COLOR_NAME = AccentColor;
				CODE_SIGN_IDENTITY = "Developer ID Application";
				CODE_SIGN_STYLE = Manual;
				COMBINE_HIDPI_IMAGES = YES;
				CURRENT_PROJECT_VERSION = 1;
				DEVELOPMENT_TEAM = KH97KZU7A7;
				GENERATE_INFOPLIST_FILE = YES;
				HEADER_SEARCH_PATHS = (
					"\"${PROJECT_DIR}/extern/GLSLangValidatorLib/include\"/**",
					"\"${PROJECT_DIR}/extern/SPIRVCrossLib/include\"/**",
					"\"${PROJECT_DIR}/extern/ISFGLSLGeneratorLib/include\"/**",
				);
				INFOPLIST_KEY_NSHumanReadableCopyright = "";
				INFOPLIST_KEY_NSMainNibFile = MainMenu;
				INFOPLIST_KEY_NSPrincipalClass = NSApplication;
				LD_RUNPATH_SEARCH_PATHS = (
					"$(inherited)",
					"@executable_path/../Frameworks",
				);
				LIBRARY_SEARCH_PATHS = (
					"$(inherited)",
					"$(PROJECT_DIR)/extern/GLSLangValidatorLib/bin",
					"$(PROJECT_DIR)/extern/SPIRVCrossLib/bin",
					"$(PROJECT_DIR)/extern/ISFGLSLGeneratorLib/bin",
				);
				MARKETING_VERSION = 1.0;
				PRODUCT_BUNDLE_IDENTIFIER = com.yourcompany.testISFtoMSL;
				PRODUCT_NAME = "$(TARGET_NAME)";
				PROVISIONING_PROFILE_SPECIFIER = "";
				SWIFT_EMIT_LOC_STRINGS = YES;
			};
			name = Debug;
		};
		1A1F5BA4299958FF009170DA /* Release */ = {
			isa = XCBuildConfiguration;
			buildSettings = {
				ASSETCATALOG_COMPILER_APPICON_NAME = AppIcon;
				ASSETCATALOG_COMPILER_GLOBAL_ACCENT_COLOR_NAME = AccentColor;
				CODE_SIGN_IDENTITY = "Developer ID Application";
				CODE_SIGN_STYLE = Manual;
				COMBINE_HIDPI_IMAGES = YES;
				CURRENT_PROJECT_VERSION = 1;
				DEVELOPMENT_TEAM = KH97KZU7A7;
				GENERATE_INFOPLIST_FILE = YES;
				HEADER_SEARCH_PATHS = (
					"\"${PROJECT_DIR}/extern/GLSLangValidatorLib/include\"/**",
					"\"${PROJECT_DIR}/extern/SPIRVCrossLib/include\"/**",
					"\"${PROJECT_DIR}/extern/ISFGLSLGeneratorLib/include\"/**",
				);
				INFOPLIST_KEY_NSHumanReadableCopyright = "";
				INFOPLIST_KEY_NSMainNibFile = MainMenu;
				INFOPLIST_KEY_NSPrincipalClass = NSApplication;
				LD_RUNPATH_SEARCH_PATHS = (
					"$(inherited)",
					"@executable_path/../Frameworks",
				);
				LIBRARY_SEARCH_PATHS = (
					"$(inherited)",
					"$(PROJECT_DIR)/extern/GLSLangValidatorLib/bin",
					"$(PROJECT_DIR)/extern/SPIRVCrossLib/bin",
					"$(PROJECT_DIR)/extern/ISFGLSLGeneratorLib/bin",
				);
				MARKETING_VERSION = 1.0;
				PRODUCT_BUNDLE_IDENTIFIER = com.yourcompany.testISFtoMSL;
				PRODUCT_NAME = "$(TARGET_NAME)";
				PROVISIONING_PROFILE_SPECIFIER = "";
				SWIFT_EMIT_LOC_STRINGS = YES;
			};
			name = Release;
		};
/* End XCBuildConfiguration section */

/* Begin XCConfigurationList section */
		1A1F5B8D299958FE009170DA /* Build configuration list for PBXProject "testISFtoMSL" */ = {
			isa = XCConfigurationList;
			buildConfigurations = (
				1A1F5BA0299958FF009170DA /* Debug */,
				1A1F5BA1299958FF009170DA /* Release */,
			);
			defaultConfigurationIsVisible = 0;
			defaultConfigurationName = Release;
		};
		1A1F5BA2299958FF009170DA /* Build configuration list for PBXNativeTarget "testISFtoMSL" */ = {
			isa = XCConfigurationList;
			buildConfigurations = (
				1A1F5BA3299958FF009170DA /* Debug */,
				1A1F5BA4299958FF009170DA /* Release */,
			);
			defaultConfigurationIsVisible = 0;
			defaultConfigurationName = Release;
		};
/* End XCConfigurationList section */
	};
	rootObject = 1A1F5B8A299958FE009170DA /* Project object */;
}
